
Microsoft Visual Studio Solution File, Format Version 11.00
# Visual Studio 2010
Project("{FAE04EC0-301F-11D3-BF4B-00C04F79EFBC}") = "Assignment 1", "Assignment 1.csproj", "{13FC8D7C-141A-4662-85F5-B952228A985D}"
EndProject
Global
	GlobalSection(SolutionConfigurationPlatforms) = preSolution
		Debug|x86 = Debug|x86
		Release|x86 = Release|x86
	EndGlobalSection
	GlobalSection(ProjectConfigurationPlatforms) = postSolution
		{13FC8D7C-141A-4662-85F5-B952228A985D}.Debug|x86.ActiveCfg = Debug|x86
		{13FC8D7C-141A-4662-85F5-B952228A985D}.Debug|x86.Build.0 = Debug|x86
		{13FC8D7C-141A-4662-85F5-B952228A985D}.Release|x86.ActiveCfg = Release|x86
		{13FC8D7C-141A-4662-85F5-B952228A985D}.Release|x86.Build.0 = Release|x86
	EndGlobalSection
	GlobalSection(SolutionProperties) = preSolution
		HideSolutionNode = FALSE
	EndGlobalSection
EndGlobal
